
Microsoft Visual Studio Solution File, Format Version 12.00
Project("{FAE04EC0-301F-11D3-BF4B-00C04F79EFBC}") = "Day7", "Day7\Day7.csproj", "{7E856CDD-9A12-4F16-B53D-81D137B4865A}"
EndProject
Global
	GlobalSection(SolutionConfigurationPlatforms) = preSolution
		Debug|Any CPU = Debug|Any CPU
		Release|Any CPU = Release|Any CPU
	EndGlobalSection
	GlobalSection(ProjectConfigurationPlatforms) = postSolution
		{7E856CDD-9A12-4F16-B53D-81D137B4865A}.Debug|Any CPU.ActiveCfg = Debug|Any CPU
		{7E856CDD-9A12-4F16-B53D-81D137B4865A}.Debug|Any CPU.Build.0 = Debug|Any CPU
		{7E856CDD-9A12-4F16-B53D-81D137B4865A}.Release|Any CPU.ActiveCfg = Release|Any CPU
		{7E856CDD-9A12-4F16-B53D-81D137B4865A}.Release|Any CPU.Build.0 = Release|Any CPU
	EndGlobalSection
EndGlobal
