
Microsoft Visual Studio Solution File, Format Version 12.00
Project("{FAE04EC0-301F-11D3-BF4B-00C04F79EFBC}") = "Day2", "Day2\Day2.csproj", "{7EDE3551-1231-48BE-8609-979F516E4691}"
EndProject
Global
	GlobalSection(SolutionConfigurationPlatforms) = preSolution
		Debug|Any CPU = Debug|Any CPU
		Release|Any CPU = Release|Any CPU
	EndGlobalSection
	GlobalSection(ProjectConfigurationPlatforms) = postSolution
		{7EDE3551-1231-48BE-8609-979F516E4691}.Debug|Any CPU.ActiveCfg = Debug|Any CPU
		{7EDE3551-1231-48BE-8609-979F516E4691}.Debug|Any CPU.Build.0 = Debug|Any CPU
		{7EDE3551-1231-48BE-8609-979F516E4691}.Release|Any CPU.ActiveCfg = Release|Any CPU
		{7EDE3551-1231-48BE-8609-979F516E4691}.Release|Any CPU.Build.0 = Release|Any CPU
	EndGlobalSection
EndGlobal
